
Microsoft Visual Studio Solution File, Format Version 12.00
# Visual Studio Version 17
VisualStudioVersion = 17.5.33414.496
MinimumVisualStudioVersion = 10.0.40219.1
Project("{9A19103F-16F7-4668-BE54-9A1E7A4F7556}") = "mostghosteweb", "mostghosteweb.csproj", "{916CC9CE-183C-405E-90E8-7289D29775F0}"
EndProject
Global
	GlobalSection(SolutionConfigurationPlatforms) = preSolution
		Debug|Any CPU = Debug|Any CPU
		Release|Any CPU = Release|Any CPU
	EndGlobalSection
	GlobalSection(ProjectConfigurationPlatforms) = postSolution
		{916CC9CE-183C-405E-90E8-7289D29775F0}.Debug|Any CPU.ActiveCfg = Debug|Any CPU
		{916CC9CE-183C-405E-90E8-7289D29775F0}.Debug|Any CPU.Build.0 = Debug|Any CPU
		{916CC9CE-183C-405E-90E8-7289D29775F0}.Release|Any CPU.ActiveCfg = Release|Any CPU
		{916CC9CE-183C-405E-90E8-7289D29775F0}.Release|Any CPU.Build.0 = Release|Any CPU
	EndGlobalSection
	GlobalSection(SolutionProperties) = preSolution
		HideSolutionNode = FALSE
	EndGlobalSection
	GlobalSection(ExtensibilityGlobals) = postSolution
		SolutionGuid = {D3A9E4F6-F70F-426A-8E58-62F1503ECD57}
	EndGlobalSection
EndGlobal
